
Microsoft Visual Studio Solution File, Format Version 12.00
# Visual Studio Version 16
VisualStudioVersion = 16.0.31515.178
MinimumVisualStudioVersion = 10.0.40219.1
Project("{FAE04EC0-301F-11D3-BF4B-00C04F79EFBC}") = "DeskBooker.Core.Tests", "DeskBooker.Core.Tests\DeskBooker.Core.Tests.csproj", "{415C2DCE-43AE-4C32-9035-B105E81D0155}"
EndProject
Project("{FAE04EC0-301F-11D3-BF4B-00C04F79EFBC}") = "DeskBooker.Core", "DeskBooker.Core\DeskBooker.Core.csproj", "{F7A1FFEF-0BE6-4A12-974E-438981AA84DD}"
EndProject
Global
	GlobalSection(SolutionConfigurationPlatforms) = preSolution
		Debug|Any CPU = Debug|Any CPU
		Release|Any CPU = Release|Any CPU
	EndGlobalSection
	GlobalSection(ProjectConfigurationPlatforms) = postSolution
		{415C2DCE-43AE-4C32-9035-B105E81D0155}.Debug|Any CPU.ActiveCfg = Debug|Any CPU
		{415C2DCE-43AE-4C32-9035-B105E81D0155}.Debug|Any CPU.Build.0 = Debug|Any CPU
		{415C2DCE-43AE-4C32-9035-B105E81D0155}.Release|Any CPU.ActiveCfg = Release|Any CPU
		{415C2DCE-43AE-4C32-9035-B105E81D0155}.Release|Any CPU.Build.0 = Release|Any CPU
		{F7A1FFEF-0BE6-4A12-974E-438981AA84DD}.Debug|Any CPU.ActiveCfg = Debug|Any CPU
		{F7A1FFEF-0BE6-4A12-974E-438981AA84DD}.Debug|Any CPU.Build.0 = Debug|Any CPU
		{F7A1FFEF-0BE6-4A12-974E-438981AA84DD}.Release|Any CPU.ActiveCfg = Release|Any CPU
		{F7A1FFEF-0BE6-4A12-974E-438981AA84DD}.Release|Any CPU.Build.0 = Release|Any CPU
	EndGlobalSection
	GlobalSection(SolutionProperties) = preSolution
		HideSolutionNode = FALSE
	EndGlobalSection
	GlobalSection(ExtensibilityGlobals) = postSolution
		SolutionGuid = {C67B6590-E982-4297-AAE5-28C8B82FEDD2}
	EndGlobalSection
EndGlobal
